
Microsoft Visual Studio Solution File, Format Version 12.00
# Visual Studio 15
VisualStudioVersion = 15.0.28010.2050
MinimumVisualStudioVersion = 10.0.40219.1
Project("{FAE04EC0-301F-11D3-BF4B-00C04F79EFBC}") = "MSDNPOCS", "MSDNPOCS\MSDNPOCS.csproj", "{2B4CA798-9F36-4F4C-95B2-0FBAE9B8A050}"
EndProject
Project("{FAE04EC0-301F-11D3-BF4B-00C04F79EFBC}") = "PocForConst", "PocForConst\PocForConst.csproj", "{9F538DE1-F054-4A95-A069-9518A824BC2D}"
EndProject
Project("{FAE04EC0-301F-11D3-BF4B-00C04F79EFBC}") = "EventsAndDelegatesByDanWahlin", "EventsAndDelegatesByDanWahlin\EventsAndDelegatesByDanWahlin.csproj", "{43D62675-5BA0-46C7-9364-74798DB37313}"
EndProject
Project("{FAE04EC0-301F-11D3-BF4B-00C04F79EFBC}") = "CollectionsExample", "CollectionsExample\CollectionsExample.csproj", "{18745A6A-D3D7-4CD3-A376-372EC17E027B}"
EndProject
Project("{FAE04EC0-301F-11D3-BF4B-00C04F79EFBC}") = "MyEventAndDelegatePOC", "MyEventAndDelegatePOC\MyEventAndDelegatePOC.csproj", "{D5CFF888-52E2-4392-BE36-D81FBAB8D646}"
EndProject
Project("{FAE04EC0-301F-11D3-BF4B-00C04F79EFBC}") = "MultiThreadingExamples", "MultiThreadingExamples\MultiThreadingExamples.csproj", "{BBC060D0-B9F3-42C1-8241-7137CA3650E2}"
EndProject
Project("{FAE04EC0-301F-11D3-BF4B-00C04F79EFBC}") = "WindowsFormsApp1", "WindowsFormsApp1\WindowsFormsApp1.csproj", "{6E31E6D6-BEA1-477B-A9BE-4511CE3EF24B}"
EndProject
Global
	GlobalSection(SolutionConfigurationPlatforms) = preSolution
		Debug|Any CPU = Debug|Any CPU
		Release|Any CPU = Release|Any CPU
	EndGlobalSection
	GlobalSection(ProjectConfigurationPlatforms) = postSolution
		{2B4CA798-9F36-4F4C-95B2-0FBAE9B8A050}.Debug|Any CPU.ActiveCfg = Debug|Any CPU
		{2B4CA798-9F36-4F4C-95B2-0FBAE9B8A050}.Debug|Any CPU.Build.0 = Debug|Any CPU
		{2B4CA798-9F36-4F4C-95B2-0FBAE9B8A050}.Release|Any CPU.ActiveCfg = Release|Any CPU
		{2B4CA798-9F36-4F4C-95B2-0FBAE9B8A050}.Release|Any CPU.Build.0 = Release|Any CPU
		{9F538DE1-F054-4A95-A069-9518A824BC2D}.Debug|Any CPU.ActiveCfg = Debug|Any CPU
		{9F538DE1-F054-4A95-A069-9518A824BC2D}.Debug|Any CPU.Build.0 = Debug|Any CPU
		{9F538DE1-F054-4A95-A069-9518A824BC2D}.Release|Any CPU.ActiveCfg = Release|Any CPU
		{9F538DE1-F054-4A95-A069-9518A824BC2D}.Release|Any CPU.Build.0 = Release|Any CPU
		{43D62675-5BA0-46C7-9364-74798DB37313}.Debug|Any CPU.ActiveCfg = Debug|Any CPU
		{43D62675-5BA0-46C7-9364-74798DB37313}.Debug|Any CPU.Build.0 = Debug|Any CPU
		{43D62675-5BA0-46C7-9364-74798DB37313}.Release|Any CPU.ActiveCfg = Release|Any CPU
		{43D62675-5BA0-46C7-9364-74798DB37313}.Release|Any CPU.Build.0 = Release|Any CPU
		{18745A6A-D3D7-4CD3-A376-372EC17E027B}.Debug|Any CPU.ActiveCfg = Debug|Any CPU
		{18745A6A-D3D7-4CD3-A376-372EC17E027B}.Debug|Any CPU.Build.0 = Debug|Any CPU
		{18745A6A-D3D7-4CD3-A376-372EC17E027B}.Release|Any CPU.ActiveCfg = Release|Any CPU
		{18745A6A-D3D7-4CD3-A376-372EC17E027B}.Release|Any CPU.Build.0 = Release|Any CPU
		{D5CFF888-52E2-4392-BE36-D81FBAB8D646}.Debug|Any CPU.ActiveCfg = Debug|Any CPU
		{D5CFF888-52E2-4392-BE36-D81FBAB8D646}.Debug|Any CPU.Build.0 = Debug|Any CPU
		{D5CFF888-52E2-4392-BE36-D81FBAB8D646}.Release|Any CPU.ActiveCfg = Release|Any CPU
		{D5CFF888-52E2-4392-BE36-D81FBAB8D646}.Release|Any CPU.Build.0 = Release|Any CPU
		{BBC060D0-B9F3-42C1-8241-7137CA3650E2}.Debug|Any CPU.ActiveCfg = Debug|Any CPU
		{BBC060D0-B9F3-42C1-8241-7137CA3650E2}.Debug|Any CPU.Build.0 = Debug|Any CPU
		{BBC060D0-B9F3-42C1-8241-7137CA3650E2}.Release|Any CPU.ActiveCfg = Release|Any CPU
		{BBC060D0-B9F3-42C1-8241-7137CA3650E2}.Release|Any CPU.Build.0 = Release|Any CPU
		{6E31E6D6-BEA1-477B-A9BE-4511CE3EF24B}.Debug|Any CPU.ActiveCfg = Debug|Any CPU
		{6E31E6D6-BEA1-477B-A9BE-4511CE3EF24B}.Debug|Any CPU.Build.0 = Debug|Any CPU
		{6E31E6D6-BEA1-477B-A9BE-4511CE3EF24B}.Release|Any CPU.ActiveCfg = Release|Any CPU
		{6E31E6D6-BEA1-477B-A9BE-4511CE3EF24B}.Release|Any CPU.Build.0 = Release|Any CPU
	EndGlobalSection
	GlobalSection(SolutionProperties) = preSolution
		HideSolutionNode = FALSE
	EndGlobalSection
	GlobalSection(ExtensibilityGlobals) = postSolution
		SolutionGuid = {0B4CC334-4B59-4957-BC24-6BB4DD93FE80}
	EndGlobalSection
EndGlobal
